
Microsoft Visual Studio Solution File, Format Version 12.00
# Visual Studio 15
VisualStudioVersion = 15.0.27428.2005
MinimumVisualStudioVersion = 10.0.40219.1
Project("{9A19103F-16F7-4668-BE54-9A1E7A4F7556}") = "WebApplication", "src\WebApplication\WebApplication.csproj", "{882827DB-DCC4-4ADC-9EAA-97FED4907973}"
EndProject
Project("{9A19103F-16F7-4668-BE54-9A1E7A4F7556}") = "WebApplication.Vanilla", "src\WebApplication.Vanilla\WebApplication.Vanilla.csproj", "{128E45EC-6C08-4482-B14B-14B2D0E8975E}"
EndProject
Project("{FAE04EC0-301F-11D3-BF4B-00C04F79EFBC}") = "WebApplication.Razor", "src\WebApplication.Razor\WebApplication.Razor.csproj", "{44A88CD2-664E-4C66-AB37-B0292BE6EC4C}"
EndProject
Global
	GlobalSection(SolutionConfigurationPlatforms) = preSolution
		Debug|Any CPU = Debug|Any CPU
		Release|Any CPU = Release|Any CPU
	EndGlobalSection
	GlobalSection(ProjectConfigurationPlatforms) = postSolution
		{882827DB-DCC4-4ADC-9EAA-97FED4907973}.Debug|Any CPU.ActiveCfg = Debug|Any CPU
		{882827DB-DCC4-4ADC-9EAA-97FED4907973}.Debug|Any CPU.Build.0 = Debug|Any CPU
		{882827DB-DCC4-4ADC-9EAA-97FED4907973}.Release|Any CPU.ActiveCfg = Release|Any CPU
		{882827DB-DCC4-4ADC-9EAA-97FED4907973}.Release|Any CPU.Build.0 = Release|Any CPU
		{128E45EC-6C08-4482-B14B-14B2D0E8975E}.Debug|Any CPU.ActiveCfg = Debug|Any CPU
		{128E45EC-6C08-4482-B14B-14B2D0E8975E}.Debug|Any CPU.Build.0 = Debug|Any CPU
		{128E45EC-6C08-4482-B14B-14B2D0E8975E}.Release|Any CPU.ActiveCfg = Release|Any CPU
		{128E45EC-6C08-4482-B14B-14B2D0E8975E}.Release|Any CPU.Build.0 = Release|Any CPU
		{44A88CD2-664E-4C66-AB37-B0292BE6EC4C}.Debug|Any CPU.ActiveCfg = Debug|Any CPU
		{44A88CD2-664E-4C66-AB37-B0292BE6EC4C}.Debug|Any CPU.Build.0 = Debug|Any CPU
		{44A88CD2-664E-4C66-AB37-B0292BE6EC4C}.Release|Any CPU.ActiveCfg = Release|Any CPU
		{44A88CD2-664E-4C66-AB37-B0292BE6EC4C}.Release|Any CPU.Build.0 = Release|Any CPU
	EndGlobalSection
	GlobalSection(SolutionProperties) = preSolution
		HideSolutionNode = FALSE
	EndGlobalSection
	GlobalSection(ExtensibilityGlobals) = postSolution
		SolutionGuid = {C6724D65-C4D0-4A30-A5D2-5FD0947F8E67}
	EndGlobalSection
EndGlobal
